{
  "version": 4,
  "terraform_version": "1.12.2",
  "serial": 163,
  "lineage": "483a58dd-134c-bd86-1736-5bb0299431d8",
  "outputs": {
    "instance_ip": {
      "value": "104.198.37.245",
      "type": "string"
    },
    "public_key": {
      "value": "ssh-rsa AAAAB3NzaC1yc2EAAAADAQABAAABAQCymJwUs6RDUDo+YlnjxbGevwxYjF5b4+s986E35PuSxXuhsTp/50TOqtOskc6IFJ22eAmYdaB7fNuRHMn0ZlS/UyCNfiGGfhIMkwx+vwPLSNh1Xc199RouBZCE2yN4AGuUnVCWAO/LZ3kMJS6/35c5yKKpSuDj3mGeTUHlfo3zOe1G4YwEI/BTkFu0spLgQ4VXv3jhrM/untdsAAeo+MQVVvUzfayDCbeujnbxsFA3nVAWYVN9luGQtt1VN1/l41ppu6LYRzMJOZQtbsijelED+0nOf0o2TZoZzRI/zHPnCzt6E5xO0a4YDe8aPjuaA3O1czVLAe80QQvFVvi4sCu/\n",
      "type": "string"
    }
  },
  "resources": [
    {
      "mode": "managed",
      "type": "google_compute_firewall",
      "name": "allow_ingress",
      "provider": "provider[\"registry.terraform.io/hashicorp/google\"]",
      "instances": [
        {
          "schema_version": 1,
          "attributes": {
            "allow": [
              {
                "ports": [
                  "22",
                  "51821"
                ],
                "protocol": "tcp"
              },
              {
                "ports": [
                  "51820"
                ],
                "protocol": "udp"
              }
            ],
            "creation_timestamp": "2025-08-07T06:43:56.314-07:00",
            "deny": [],
            "description": "",
            "destination_ranges": [],
            "direction": "INGRESS",
            "disabled": false,
            "enable_logging": null,
            "id": "projects/neon-semiotics-468209-j3/global/firewalls/ieong-allow-ingress",
            "log_config": [],
            "name": "ieong-allow-ingress",
            "network": "https://www.googleapis.com/compute/v1/projects/neon-semiotics-468209-j3/global/networks/ieong-terraform-network",
            "params": [],
            "priority": 1000,
            "project": "neon-semiotics-468209-j3",
            "self_link": "https://www.googleapis.com/compute/v1/projects/neon-semiotics-468209-j3/global/firewalls/ieong-allow-ingress",
            "source_ranges": [
              "0.0.0.0/0"
            ],
            "source_service_accounts": null,
            "source_tags": null,
            "target_service_accounts": null,
            "target_tags": null,
            "timeouts": null
          },
          "sensitive_attributes": [],
          "identity_schema_version": 0,
          "private": "eyJlMmJmYjczMC1lY2FhLTExZTYtOGY4OC0zNDM2M2JjN2M0YzAiOnsiY3JlYXRlIjoxMjAwMDAwMDAwMDAwLCJkZWxldGUiOjEyMDAwMDAwMDAwMDAsInVwZGF0ZSI6MTIwMDAwMDAwMDAwMH0sInNjaGVtYV92ZXJzaW9uIjoiMSJ9",
          "dependencies": [
            "google_compute_network.vpc_network"
          ]
        }
      ]
    },
    {
      "mode": "managed",
      "type": "google_compute_instance",
      "name": "vm_instance",
      "provider": "provider[\"registry.terraform.io/hashicorp/google\"]",
      "instances": [
        {
          "schema_version": 6,
          "attributes": {
            "advanced_machine_features": [],
            "allow_stopping_for_update": null,
            "attached_disk": [],
            "boot_disk": [
              {
                "auto_delete": true,
                "device_name": "persistent-disk-0",
                "disk_encryption_key_raw": "",
                "disk_encryption_key_rsa": "",
                "disk_encryption_key_sha256": "",
                "disk_encryption_service_account": "",
                "force_attach": false,
                "guest_os_features": [
                  "VIRTIO_SCSI_MULTIQUEUE",
                  "SEV_CAPABLE",
                  "SEV_SNP_CAPABLE",
                  "SEV_LIVE_MIGRATABLE",
                  "SEV_LIVE_MIGRATABLE_V2",
                  "IDPF",
                  "TDX_CAPABLE",
                  "UEFI_COMPATIBLE",
                  "GVNIC"
                ],
                "initialize_params": [
                  {
                    "architecture": "X86_64",
                    "enable_confidential_compute": false,
                    "image": "https://www.googleapis.com/compute/v1/projects/ubuntu-os-cloud/global/images/ubuntu-2204-jammy-v20250805",
                    "labels": {},
                    "provisioned_iops": 0,
                    "provisioned_throughput": 0,
                    "resource_manager_tags": null,
                    "resource_policies": [],
                    "size": 10,
                    "snapshot": "",
                    "source_image_encryption_key": [],
                    "source_snapshot_encryption_key": [],
                    "storage_pool": "",
                    "type": "pd-standard"
                  }
                ],
                "interface": "",
                "kms_key_self_link": "",
                "mode": "READ_WRITE",
                "source": "https://www.googleapis.com/compute/v1/projects/neon-semiotics-468209-j3/zones/us-central1-c/disks/ieong-terraform-instance"
              }
            ],
            "can_ip_forward": false,
            "confidential_instance_config": [],
            "cpu_platform": "Intel Broadwell",
            "creation_timestamp": "2025-08-07T06:43:59.758-07:00",
            "current_status": "RUNNING",
            "deletion_protection": false,
            "description": "",
            "desired_status": null,
            "effective_labels": {
              "goog-terraform-provisioned": "true"
            },
            "enable_display": false,
            "guest_accelerator": [],
            "hostname": "",
            "id": "projects/neon-semiotics-468209-j3/zones/us-central1-c/instances/ieong-terraform-instance",
            "instance_encryption_key": [],
            "instance_id": "9039758790688838512",
            "key_revocation_action_type": "",
            "label_fingerprint": "vezUS-42LLM=",
            "labels": null,
            "machine_type": "e2-micro",
            "metadata": {
              "ssh-keys": "ubuntu:ssh-rsa AAAAB3NzaC1yc2EAAAADAQABAAABAQCymJwUs6RDUDo+YlnjxbGevwxYjF5b4+s986E35PuSxXuhsTp/50TOqtOskc6IFJ22eAmYdaB7fNuRHMn0ZlS/UyCNfiGGfhIMkwx+vwPLSNh1Xc199RouBZCE2yN4AGuUnVCWAO/LZ3kMJS6/35c5yKKpSuDj3mGeTUHlfo3zOe1G4YwEI/BTkFu0spLgQ4VXv3jhrM/untdsAAeo+MQVVvUzfayDCbeujnbxsFA3nVAWYVN9luGQtt1VN1/l41ppu6LYRzMJOZQtbsijelED+0nOf0o2TZoZzRI/zHPnCzt6E5xO0a4YDe8aPjuaA3O1czVLAe80QQvFVvi4sCu/\n",
              "startup-script": "#!/bin/bash\napt-get update\napt-get install -y ca-certificates curl gnupg lsb-release\n\ninstall -m 0755 -d /etc/apt/keyrings\ncurl -fsSL https://download.docker.com/linux/ubuntu/gpg | gpg --dearmor -o /etc/apt/keyrings/docker.gpg\nchmod a+r /etc/apt/keyrings/docker.gpg\n\necho \\\n  \"deb [arch=$(dpkg --print-architecture) signed-by=/etc/apt/keyrings/docker.gpg] https://download.docker.com/linux/ubuntu \\\n  $(lsb_release -cs) stable\" | tee /etc/apt/sources.list.d/docker.list \u003e /dev/null\n\napt-get update\napt-get install -y docker-ce docker-ce-cli containerd.io docker-buildx-plugin docker-compose-plugin\n\nsystemctl enable docker\nsystemctl start docker\n\n# Get the external IP address\nEXTERNAL_IP=$(curl -s ifconfig.me)\n      \n# Get the HASH Password\nHASH=$(docker run --rm ghcr.io/wg-easy/wg-easy:14 node -e \"const bcrypt = require('bcryptjs'); const hash = bcrypt.hashSync('ieong000', 10); console.log(hash);\")\n\ndocker run -d \\\n--name=wg-easy \\\n-e WG_HOST=$EXTERNAL_IP \\\n-e PASSWORD_HASH=\"$HASH\" \\\n-e WG_DEFAULT_DNS=8.8.8.8,8.8.4.4 \\\n-v ~/.wg-easy:/etc/wireguard \\\n-p 51820:51820/udp \\\n-p 51821:51821/tcp \\\n--cap-add=NET_ADMIN \\\n--cap-add=SYS_MODULE \\\n--sysctl=\"net.ipv4.conf.all.src_valid_mark=1\" \\\n--sysctl=\"net.ipv4.ip_forward=1\" \\\n--restart unless-stopped \\\nghcr.io/wg-easy/wg-easy\n\necho \"INSTALL_DONE\" \u003e /var/log/install_done\n\n\n"
            },
            "metadata_fingerprint": "IUsP20K0Y5I=",
            "metadata_startup_script": null,
            "min_cpu_platform": "",
            "name": "ieong-terraform-instance",
            "network_interface": [
              {
                "access_config": [
                  {
                    "nat_ip": "104.198.37.245",
                    "network_tier": "PREMIUM",
                    "public_ptr_domain_name": ""
                  }
                ],
                "alias_ip_range": [],
                "internal_ipv6_prefix_length": 0,
                "ipv6_access_config": [],
                "ipv6_access_type": "",
                "ipv6_address": "",
                "name": "nic0",
                "network": "https://www.googleapis.com/compute/v1/projects/neon-semiotics-468209-j3/global/networks/ieong-terraform-network",
                "network_attachment": "",
                "network_ip": "10.128.0.2",
                "nic_type": "",
                "queue_count": 0,
                "stack_type": "IPV4_ONLY",
                "subnetwork": "https://www.googleapis.com/compute/v1/projects/neon-semiotics-468209-j3/regions/us-central1/subnetworks/ieong-terraform-network",
                "subnetwork_project": "neon-semiotics-468209-j3"
              }
            ],
            "network_performance_config": [],
            "params": [],
            "project": "neon-semiotics-468209-j3",
            "reservation_affinity": [],
            "resource_policies": null,
            "scheduling": [
              {
                "automatic_restart": true,
                "availability_domain": 0,
                "instance_termination_action": "",
                "local_ssd_recovery_timeout": [],
                "max_run_duration": [],
                "min_node_cpus": 0,
                "node_affinities": [],
                "on_host_maintenance": "MIGRATE",
                "on_instance_stop_action": [],
                "preemptible": false,
                "provisioning_model": "STANDARD",
                "termination_time": ""
              }
            ],
            "scratch_disk": [],
            "self_link": "https://www.googleapis.com/compute/v1/projects/neon-semiotics-468209-j3/zones/us-central1-c/instances/ieong-terraform-instance",
            "service_account": [],
            "shielded_instance_config": [
              {
                "enable_integrity_monitoring": true,
                "enable_secure_boot": false,
                "enable_vtpm": true
              }
            ],
            "tags": null,
            "tags_fingerprint": "42WmSpB8rSM=",
            "terraform_labels": {
              "goog-terraform-provisioned": "true"
            },
            "timeouts": null,
            "zone": "us-central1-c"
          },
          "sensitive_attributes": [
            [
              {
                "type": "get_attr",
                "value": "boot_disk"
              },
              {
                "type": "index",
                "value": {
                  "value": 0,
                  "type": "number"
                }
              },
              {
                "type": "get_attr",
                "value": "disk_encryption_key_raw"
              }
            ],
            [
              {
                "type": "get_attr",
                "value": "boot_disk"
              },
              {
                "type": "index",
                "value": {
                  "value": 0,
                  "type": "number"
                }
              },
              {
                "type": "get_attr",
                "value": "disk_encryption_key_rsa"
              }
            ]
          ],
          "identity_schema_version": 0,
          "private": "eyJlMmJmYjczMC1lY2FhLTExZTYtOGY4OC0zNDM2M2JjN2M0YzAiOnsiY3JlYXRlIjoxMjAwMDAwMDAwMDAwLCJkZWxldGUiOjEyMDAwMDAwMDAwMDAsInVwZGF0ZSI6MTIwMDAwMDAwMDAwMH0sInNjaGVtYV92ZXJzaW9uIjoiNiJ9",
          "dependencies": [
            "google_compute_network.vpc_network",
            "tls_private_key.ssh_key"
          ]
        }
      ]
    },
    {
      "mode": "managed",
      "type": "google_compute_network",
      "name": "vpc_network",
      "provider": "provider[\"registry.terraform.io/hashicorp/google\"]",
      "instances": [
        {
          "schema_version": 0,
          "attributes": {
            "auto_create_subnetworks": true,
            "bgp_always_compare_med": false,
            "bgp_best_path_selection_mode": "LEGACY",
            "bgp_inter_region_cost": "",
            "delete_default_routes_on_create": false,
            "description": "",
            "enable_ula_internal_ipv6": false,
            "gateway_ipv4": "",
            "id": "projects/neon-semiotics-468209-j3/global/networks/ieong-terraform-network",
            "internal_ipv6_range": "",
            "mtu": 0,
            "name": "ieong-terraform-network",
            "network_firewall_policy_enforcement_order": "AFTER_CLASSIC_FIREWALL",
            "network_id": "8121782768951169929",
            "network_profile": "",
            "numeric_id": "8121782768951169929",
            "params": [],
            "project": "neon-semiotics-468209-j3",
            "routing_mode": "REGIONAL",
            "self_link": "https://www.googleapis.com/compute/v1/projects/neon-semiotics-468209-j3/global/networks/ieong-terraform-network",
            "timeouts": null
          },
          "sensitive_attributes": [],
          "identity_schema_version": 0,
          "private": "eyJlMmJmYjczMC1lY2FhLTExZTYtOGY4OC0zNDM2M2JjN2M0YzAiOnsiY3JlYXRlIjoxMjAwMDAwMDAwMDAwLCJkZWxldGUiOjEyMDAwMDAwMDAwMDAsInVwZGF0ZSI6MTIwMDAwMDAwMDAwMH19"
        }
      ]
    },
    {
      "mode": "managed",
      "type": "null_resource",
      "name": "wait_for_docker",
      "provider": "provider[\"registry.terraform.io/hashicorp/null\"]",
      "instances": [
        {
          "schema_version": 0,
          "attributes": {
            "id": "4706981789329380312",
            "triggers": null
          },
          "sensitive_attributes": [],
          "identity_schema_version": 0,
          "dependencies": [
            "google_compute_instance.vm_instance",
            "google_compute_network.vpc_network",
            "tls_private_key.ssh_key"
          ]
        }
      ]
    },
    {
      "mode": "managed",
      "type": "tls_private_key",
      "name": "ssh_key",
      "provider": "provider[\"registry.terraform.io/hashicorp/tls\"]",
      "instances": [
        {
          "schema_version": 1,
          "attributes": {
            "algorithm": "RSA",
            "ecdsa_curve": "P224",
            "id": "c221ce8539bb2c2df1b27bf28954af89e7236526",
            "private_key_openssh": "-----BEGIN OPENSSH PRIVATE KEY-----\nb3BlbnNzaC1rZXktdjEAAAAABG5vbmUAAAAEbm9uZQAAAAAAAAABAAABFwAAAAdz\nc2gtcnNhAAAAAwEAAQAAAQEAspicFLOkQ1A6PmJZ48Wxnr8MWIxeW+PrPfOhN+T7\nksV7obE6f+dEzqrTrJHOiBSdtngJmHWge3zbkRzJ9GZUv1MgjX4hhn4SDJMMfr8D\ny0jYdV3NffUaLgWQhNsjeABrlJ1QlgDvy2d5DCUuv9+XOciiqUrg495hnk1B5X6N\n8zntRuGMBCPwU5BbtLKS4EOFV7944azP7p7XbAAHqPjEFVb1M32sgwm3ro528bBQ\nN51QFmFTfZbhkLbdVTdf5eNaabui2EczCTmULW7Io3pRA/tJzn9KNk2aGc0SP8xz\n5ws7ehOcTtGuGA3vGj47mgNztXM1SwHvNEELxVb4uLArvwAAA7jl6sRh5erEYQAA\nAAdzc2gtcnNhAAABAQCymJwUs6RDUDo+YlnjxbGevwxYjF5b4+s986E35PuSxXuh\nsTp/50TOqtOskc6IFJ22eAmYdaB7fNuRHMn0ZlS/UyCNfiGGfhIMkwx+vwPLSNh1\nXc199RouBZCE2yN4AGuUnVCWAO/LZ3kMJS6/35c5yKKpSuDj3mGeTUHlfo3zOe1G\n4YwEI/BTkFu0spLgQ4VXv3jhrM/untdsAAeo+MQVVvUzfayDCbeujnbxsFA3nVAW\nYVN9luGQtt1VN1/l41ppu6LYRzMJOZQtbsijelED+0nOf0o2TZoZzRI/zHPnCzt6\nE5xO0a4YDe8aPjuaA3O1czVLAe80QQvFVvi4sCu/AAAAAwEAAQAAAQAdvvxUGF2W\nFpE03cWyAbXlRlXEk9CNhociYOcru5hJKFpAopenQPo9X8d0uS5IjQJ9pz2V5pWN\nq8yYPU7HxZl86lgEKQtlbq8L6BwPKjp0C9R9q9tzjLTJEIUzE5qzPIKulIsdCNfn\nrXrEUpcYPyHdbnTlNIMDgQEKUDzW//6dkXM3RYxSVgA3SQeU1/mHsv+A+IFVUn+U\nZNC6VmGtZis6tvIB4r2p8o43EWZVURTMkV91k8g92a5ftAhqy3vGztqsgYMGipFA\nj2rKb9DY2tJEssLcpUvsHMws6qN7aouO/LIYQwqJgfxZnNOIiWa1R9Ph9ub1qoxe\nrRsPbMOPyFqhAAAAgQC4BE84FBUIECMIHDnDLIbrhrhcyBilqQ0UybXh0jlP2j/t\ndVrvOe3FuTzQuzpxCQrMXDSKiEzMxeBOyhtaMu//J+OjID+YNlYuy7BA3v8c4MaD\n7eT1kwOyapbwt+m6NaJQRZ6xL96WJxz5LEWtMBYRrnWmazIDTiNqDfj2JR5ZywAA\nAIEAwAOfPWI7GNk94zY2sWpxju7in46F3aZurKyd4MUaR1G+uCxN4cPaaYHlPNkX\nQljDObD1BZYl58vB/JGacQwfEaqrpzDg0nj9bs3VzJQ8RP/fVybvVqGxthPoWor9\n3Z/cEPbJzWRYRpzuykFEnphrTKuOoK2fFq9QsgT1+od6faEAAACBAO4cUi69P3+4\n3YClnR3M6Wwh0tzSxmSnC7rlre2HjOdKL8wnPa/Iho7ayMj9TPtl2rtXbYExQtas\nwV9j6nRxdPqIw7+pARbKE9h/j7bMldcGFxp6z3vYCuXw7k/tC965KMjzJ8hoFl2y\n43PyFTksvC8cfv8B2KwYITiKngSF/m1fAAAAAAEC\n-----END OPENSSH PRIVATE KEY-----\n",
            "private_key_pem": "-----BEGIN RSA PRIVATE KEY-----\nMIIEpAIBAAKCAQEAspicFLOkQ1A6PmJZ48Wxnr8MWIxeW+PrPfOhN+T7ksV7obE6\nf+dEzqrTrJHOiBSdtngJmHWge3zbkRzJ9GZUv1MgjX4hhn4SDJMMfr8Dy0jYdV3N\nffUaLgWQhNsjeABrlJ1QlgDvy2d5DCUuv9+XOciiqUrg495hnk1B5X6N8zntRuGM\nBCPwU5BbtLKS4EOFV7944azP7p7XbAAHqPjEFVb1M32sgwm3ro528bBQN51QFmFT\nfZbhkLbdVTdf5eNaabui2EczCTmULW7Io3pRA/tJzn9KNk2aGc0SP8xz5ws7ehOc\nTtGuGA3vGj47mgNztXM1SwHvNEELxVb4uLArvwIDAQABAoIBAB2+/FQYXZYWkTTd\nxbIBteVGVcST0I2GhyJg5yu7mEkoWkCil6dA+j1fx3S5LkiNAn2nPZXmlY2rzJg9\nTsfFmXzqWAQpC2VurwvoHA8qOnQL1H2r23OMtMkQhTMTmrM8gq6Uix0I1+etesRS\nlxg/Id1udOU0gwOBAQpQPNb//p2RczdFjFJWADdJB5TX+Yey/4D4gVVSf5Rk0LpW\nYa1mKzq28gHivanyjjcRZlVRFMyRX3WTyD3Zrl+0CGrLe8bO2qyBgwaKkUCPaspv\n0Nja0kSywtylS+wczCzqo3tqi478shhDComB/Fmc04iJZrVH0+H25vWqjF6tGw9s\nw4/IWqECgYEAwAOfPWI7GNk94zY2sWpxju7in46F3aZurKyd4MUaR1G+uCxN4cPa\naYHlPNkXQljDObD1BZYl58vB/JGacQwfEaqrpzDg0nj9bs3VzJQ8RP/fVybvVqGx\nthPoWor93Z/cEPbJzWRYRpzuykFEnphrTKuOoK2fFq9QsgT1+od6faECgYEA7hxS\nLr0/f7jdgKWdHczpbCHS3NLGZKcLuuWt7YeM50ovzCc9r8iGjtrIyP1M+2Xau1dt\ngTFC1qzBX2PqdHF0+ojDv6kBFsoT2H+PtsyV1wYXGnrPe9gK5fDuT+0L3rkoyPMn\nyGgWXbLjc/IVOSy8Lxx+/wHYrBghOIqeBIX+bV8CgYAyOIBMuMWGMUOrisFxU8rR\nvI9PdiJzH5Ww2hEM+eBuqOW+G/BezS/yCoRfjtQziS2+iBb92BCf+L4LBjYjvSzf\nHQl6WCFlSznV4kY6FMdSsK3EiK1utinZ2okaLWJKtgYD9dhAPS+NgHxAMCP3axwd\nWH2cbuy+LSpo9T00wnx6IQKBgQDYHIhSt51cdRNFYgs6MvNhG0ng9sTuMdcpqLC1\nt6OhgOnk53DLjLrkCZrXIV+vhQCDrJRM/8LkSSOxSmRPj3JWua7A08mTP5HHm+96\nQDF3WaW6eOC8TJeHn6cMj9+IJJHp4ReogyBZprVeVMgCfqHGOJzjIm/fsn7kbJuD\nC4KjDQKBgQC4BE84FBUIECMIHDnDLIbrhrhcyBilqQ0UybXh0jlP2j/tdVrvOe3F\nuTzQuzpxCQrMXDSKiEzMxeBOyhtaMu//J+OjID+YNlYuy7BA3v8c4MaD7eT1kwOy\napbwt+m6NaJQRZ6xL96WJxz5LEWtMBYRrnWmazIDTiNqDfj2JR5Zyw==\n-----END RSA PRIVATE KEY-----\n",
            "private_key_pem_pkcs8": "-----BEGIN PRIVATE KEY-----\nMIIEvgIBADANBgkqhkiG9w0BAQEFAASCBKgwggSkAgEAAoIBAQCymJwUs6RDUDo+\nYlnjxbGevwxYjF5b4+s986E35PuSxXuhsTp/50TOqtOskc6IFJ22eAmYdaB7fNuR\nHMn0ZlS/UyCNfiGGfhIMkwx+vwPLSNh1Xc199RouBZCE2yN4AGuUnVCWAO/LZ3kM\nJS6/35c5yKKpSuDj3mGeTUHlfo3zOe1G4YwEI/BTkFu0spLgQ4VXv3jhrM/untds\nAAeo+MQVVvUzfayDCbeujnbxsFA3nVAWYVN9luGQtt1VN1/l41ppu6LYRzMJOZQt\nbsijelED+0nOf0o2TZoZzRI/zHPnCzt6E5xO0a4YDe8aPjuaA3O1czVLAe80QQvF\nVvi4sCu/AgMBAAECggEAHb78VBhdlhaRNN3FsgG15UZVxJPQjYaHImDnK7uYSSha\nQKKXp0D6PV/HdLkuSI0Cfac9leaVjavMmD1Ox8WZfOpYBCkLZW6vC+gcDyo6dAvU\nfavbc4y0yRCFMxOaszyCrpSLHQjX5616xFKXGD8h3W505TSDA4EBClA81v/+nZFz\nN0WMUlYAN0kHlNf5h7L/gPiBVVJ/lGTQulZhrWYrOrbyAeK9qfKONxFmVVEUzJFf\ndZPIPdmuX7QIast7xs7arIGDBoqRQI9qym/Q2NrSRLLC3KVL7BzMLOqje2qLjvyy\nGEMKiYH8WZzTiIlmtUfT4fbm9aqMXq0bD2zDj8haoQKBgQDAA589YjsY2T3jNjax\nanGO7uKfjoXdpm6srJ3gxRpHUb64LE3hw9ppgeU82RdCWMM5sPUFliXny8H8kZpx\nDB8RqqunMODSeP1uzdXMlDxE/99XJu9WobG2E+haiv3dn9wQ9snNZFhGnO7KQUSe\nmGtMq46grZ8Wr1CyBPX6h3p9oQKBgQDuHFIuvT9/uN2ApZ0dzOlsIdLc0sZkpwu6\n5a3th4znSi/MJz2vyIaO2sjI/Uz7Zdq7V22BMULWrMFfY+p0cXT6iMO/qQEWyhPY\nf4+2zJXXBhcaes972Arl8O5P7QveuSjI8yfIaBZdsuNz8hU5LLwvHH7/AdisGCE4\nip4Ehf5tXwKBgDI4gEy4xYYxQ6uKwXFTytG8j092InMflbDaEQz54G6o5b4b8F7N\nL/IKhF+O1DOJLb6IFv3YEJ/4vgsGNiO9LN8dCXpYIWVLOdXiRjoUx1KwrcSIrW62\nKdnaiRotYkq2BgP12EA9L42AfEAwI/drHB1YfZxu7L4tKmj1PTTCfHohAoGBANgc\niFK3nVx1E0ViCzoy82EbSeD2xO4x1ymosLW3o6GA6eTncMuMuuQJmtchX6+FAIOs\nlEz/wuRJI7FKZE+Pcla5rsDTyZM/kceb73pAMXdZpbp44LxMl4efpwyP34gkkenh\nF6iDIFmmtV5UyAJ+ocY4nOMib9+yfuRsm4MLgqMNAoGBALgETzgUFQgQIwgcOcMs\nhuuGuFzIGKWpDRTJteHSOU/aP+11Wu857cW5PNC7OnEJCsxcNIqITMzF4E7KG1oy\n7/8n46MgP5g2Vi7LsEDe/xzgxoPt5PWTA7JqlvC36bo1olBFnrEv3pYnHPksRa0w\nFhGudaZrMgNOI2oN+PYlHlnL\n-----END PRIVATE KEY-----\n",
            "public_key_fingerprint_md5": "02:be:9a:14:2c:7c:c7:ec:48:ae:df:e8:12:ea:7c:33",
            "public_key_fingerprint_sha256": "SHA256:0jJgdvmlcm8lkmsyRL01Iml+1yu4x7HGtrXBvsEvjbA",
            "public_key_openssh": "ssh-rsa AAAAB3NzaC1yc2EAAAADAQABAAABAQCymJwUs6RDUDo+YlnjxbGevwxYjF5b4+s986E35PuSxXuhsTp/50TOqtOskc6IFJ22eAmYdaB7fNuRHMn0ZlS/UyCNfiGGfhIMkwx+vwPLSNh1Xc199RouBZCE2yN4AGuUnVCWAO/LZ3kMJS6/35c5yKKpSuDj3mGeTUHlfo3zOe1G4YwEI/BTkFu0spLgQ4VXv3jhrM/untdsAAeo+MQVVvUzfayDCbeujnbxsFA3nVAWYVN9luGQtt1VN1/l41ppu6LYRzMJOZQtbsijelED+0nOf0o2TZoZzRI/zHPnCzt6E5xO0a4YDe8aPjuaA3O1czVLAe80QQvFVvi4sCu/\n",
            "public_key_pem": "-----BEGIN PUBLIC KEY-----\nMIIBIjANBgkqhkiG9w0BAQEFAAOCAQ8AMIIBCgKCAQEAspicFLOkQ1A6PmJZ48Wx\nnr8MWIxeW+PrPfOhN+T7ksV7obE6f+dEzqrTrJHOiBSdtngJmHWge3zbkRzJ9GZU\nv1MgjX4hhn4SDJMMfr8Dy0jYdV3NffUaLgWQhNsjeABrlJ1QlgDvy2d5DCUuv9+X\nOciiqUrg495hnk1B5X6N8zntRuGMBCPwU5BbtLKS4EOFV7944azP7p7XbAAHqPjE\nFVb1M32sgwm3ro528bBQN51QFmFTfZbhkLbdVTdf5eNaabui2EczCTmULW7Io3pR\nA/tJzn9KNk2aGc0SP8xz5ws7ehOcTtGuGA3vGj47mgNztXM1SwHvNEELxVb4uLAr\nvwIDAQAB\n-----END PUBLIC KEY-----\n",
            "rsa_bits": 2048
          },
          "sensitive_attributes": [
            [
              {
                "type": "get_attr",
                "value": "private_key_openssh"
              }
            ],
            [
              {
                "type": "get_attr",
                "value": "private_key_pem"
              }
            ],
            [
              {
                "type": "get_attr",
                "value": "private_key_pem_pkcs8"
              }
            ]
          ],
          "identity_schema_version": 0
        }
      ]
    }
  ],
  "check_results": null
}
